
Microsoft Visual Studio Solution File, Format Version 12.00
# Visual Studio Version 17
VisualStudioVersion = 17.8.34525.116
MinimumVisualStudioVersion = 10.0.40219.1
Project("{9A19103F-16F7-4668-BE54-9A1E7A4F7556}") = "FakeStoreApp", "FakeStoreApp\FakeStoreApp.csproj", "{138545B2-F17B-4713-9B2D-CF4A506A6CD7}"
EndProject
Project("{FAE04EC0-301F-11D3-BF4B-00C04F79EFBC}") = "FakeStoreApp.Tests", "FakeStoreApp.Tests\FakeStoreApp.Tests.csproj", "{52C4EBBD-CF4D-49F7-9207-70AC7408CBC3}"
EndProject
Global
	GlobalSection(SolutionConfigurationPlatforms) = preSolution
		Debug|Any CPU = Debug|Any CPU
		Release|Any CPU = Release|Any CPU
	EndGlobalSection
	GlobalSection(ProjectConfigurationPlatforms) = postSolution
		{138545B2-F17B-4713-9B2D-CF4A506A6CD7}.Debug|Any CPU.ActiveCfg = Debug|Any CPU
		{138545B2-F17B-4713-9B2D-CF4A506A6CD7}.Debug|Any CPU.Build.0 = Debug|Any CPU
		{138545B2-F17B-4713-9B2D-CF4A506A6CD7}.Release|Any CPU.ActiveCfg = Release|Any CPU
		{138545B2-F17B-4713-9B2D-CF4A506A6CD7}.Release|Any CPU.Build.0 = Release|Any CPU
		{52C4EBBD-CF4D-49F7-9207-70AC7408CBC3}.Debug|Any CPU.ActiveCfg = Debug|Any CPU
		{52C4EBBD-CF4D-49F7-9207-70AC7408CBC3}.Debug|Any CPU.Build.0 = Debug|Any CPU
		{52C4EBBD-CF4D-49F7-9207-70AC7408CBC3}.Release|Any CPU.ActiveCfg = Release|Any CPU
		{52C4EBBD-CF4D-49F7-9207-70AC7408CBC3}.Release|Any CPU.Build.0 = Release|Any CPU
	EndGlobalSection
	GlobalSection(SolutionProperties) = preSolution
		HideSolutionNode = FALSE
	EndGlobalSection
	GlobalSection(ExtensibilityGlobals) = postSolution
		SolutionGuid = {5896206A-7A84-43C1-A834-4685A1621EC8}
	EndGlobalSection
EndGlobal
